# This file is autogenerated, do not edit; changes may be undone by the next 'dep ensure'.


[[projects]]
  name = "github.com/go-test/deep"
  packages = ["."]
  revision = "6592d9cc0a499ad2d5f574fde80a2b5c5cc3b4f5"
  version = "v1.0.1"

[solve-meta]
  analyzer-name = "dep"
  analyzer-version = 1
  inputs-digest = "a9595e1433ff4558383383a9e4cf5eb149d96e9ff99fb8b5c24b08a3dee874b8"
  solver-name = "gps-cdcl"
  solver-version = 1
